// !$*UTF8*$!
{
	archiveVersion = 1;
	classes = {
	};
	objectVersion = 48;
	objects = {

/* Begin PBXBuildFile section */
		B5894D5D2038F20A0028D103 /* AppDelegate.swift in Sources */ = {isa = PBXBuildFile; fileRef = B5894D5C2038F20A0028D103 /* AppDelegate.swift */; };
		B5894D5F2038F20A0028D103 /* ViewController.swift in Sources */ = {isa = PBXBuildFile; fileRef = B5894D5E2038F20A0028D103 /* ViewController.swift */; };
		B5894D622038F20A0028D103 /* Main.storyboard in Resources */ = {isa = PBXBuildFile; fileRef = B5894D602038F20A0028D103 /* Main.storyboard */; };
		B5894D642038F20A0028D103 /* Assets.xcassets in Resources */ = {isa = PBXBuildFile; fileRef = B5894D632038F20A0028D103 /* Assets.xcassets */; };
		B5894D672038F20A0028D103 /* LaunchScreen.storyboard in Resources */ = {isa = PBXBuildFile; fileRef = B5894D652038F20A0028D103 /* LaunchScreen.storyboard */; };
		B5894D722038F20A0028D103 /* coinFlipTests.swift in Sources */ = {isa = PBXBuildFile; fileRef = B5894D712038F20A0028D103 /* coinFlipTests.swift */; };
		B5894D7D2038F20B0028D103 /* coinFlipUITests.swift in Sources */ = {isa = PBXBuildFile; fileRef = B5894D7C2038F20B0028D103 /* coinFlipUITests.swift */; };
/* End PBXBuildFile section */

/* Begin PBXContainerItemProxy section */
		B5894D6E2038F20A0028D103 /* PBXContainerItemProxy */ = {
			isa = PBXContainerItemProxy;
			containerPortal = B5894D512038F20A0028D103 /* Project object */;
			proxyType = 1;
			remoteGlobalIDString = B5894D582038F20A0028D103;
			remoteInfo = coinFlip;
		};
		B5894D792038F20A0028D103 /* PBXContainerItemProxy */ = {
			isa = PBXContainerItemProxy;
			containerPortal = B5894D512038F20A0028D103 /* Project object */;
			proxyType = 1;
			remoteGlobalIDString = B5894D582038F20A0028D103;
			remoteInfo = coinFlip;
		};
/* End PBXContainerItemProxy section */

/* Begin PBXFileReference section */
		B5894D592038F20A0028D103 /* coinFlip.app */ = {isa = PBXFileReference; explicitFileType = wrapper.application; includeInIndex = 0; path = coinFlip.app; sourceTree = BUILT_PRODUCTS_DIR; };
		B5894D5C2038F20A0028D103 /* AppDelegate.swift */ = {isa = PBXFileReference; lastKnownFileType = sourcecode.swift; path = AppDelegate.swift; sourceTree = "<group>"; };
		B5894D5E2038F20A0028D103 /* ViewController.swift */ = {isa = PBXFileReference; lastKnownFileType = sourcecode.swift; path = ViewController.swift; sourceTree = "<group>"; };
		B5894D612038F20A0028D103 /* Base */ = {isa = PBXFileReference; lastKnownFileType = file.storyboard; name = Base; path = Base.lproj/Main.storyboard; sourceTree = "<group>"; };
		B5894D632038F20A0028D103 /* Assets.xcassets */ = {isa = PBXFileReference; lastKnownFileType = folder.assetcatalog; path = Assets.xcassets; sourceTree = "<group>"; };
		B5894D662038F20A0028D103 /* Base */ = {isa = PBXFileReference; lastKnownFileType = file.storyboard; name = Base; path = Base.lproj/LaunchScreen.storyboard; sourceTree = "<group>"; };
		B5894D682038F20A0028D103 /* Info.plist */ = {isa = PBXFileReference; lastKnownFileType = text.plist.xml; path = Info.plist; sourceTree = "<group>"; };
		B5894D6D2038F20A0028D103 /* coinFlipTests.xctest */ = {isa = PBXFileReference; explicitFileType = wrapper.cfbundle; includeInIndex = 0; path = coinFlipTests.xctest; sourceTree = BUILT_PRODUCTS_DIR; };
		B5894D712038F20A0028D103 /* coinFlipTests.swift */ = {isa = PBXFileReference; lastKnownFileType = sourcecode.swift; path = coinFlipTests.swift; sourceTree = "<group>"; };
		B5894D732038F20A0028D103 /* Info.plist */ = {isa = PBXFileReference; lastKnownFileType = text.plist.xml; path = Info.plist; sourceTree = "<group>"; };
		B5894D782038F20A0028D103 /* coinFlipUITests.xctest */ = {isa = PBXFileReference; explicitFileType = wrapper.cfbundle; includeInIndex = 0; path = coinFlipUITests.xctest; sourceTree = BUILT_PRODUCTS_DIR; };
		B5894D7C2038F20B0028D103 /* coinFlipUITests.swift */ = {isa = PBXFileReference; lastKnownFileType = sourcecode.swift; path = coinFlipUITests.swift; sourceTree = "<group>"; };
		B5894D7E2038F20B0028D103 /* Info.plist */ = {isa = PBXFileReference; lastKnownFileType = text.plist.xml; path = Info.plist; sourceTree = "<group>"; };
/* End PBXFileReference section */

/* Begin PBXFrameworksBuildPhase section */
		B5894D562038F20A0028D103 /* Frameworks */ = {
			isa = PBXFrameworksBuildPhase;
			buildActionMask = 2147483647;
			files = (
			);
			runOnlyForDeploymentPostprocessing = 0;
		};
		B5894D6A2038F20A0028D103 /* Frameworks */ = {
			isa = PBXFrameworksBuildPhase;
			buildActionMask = 2147483647;
			files = (
			);
			runOnlyForDeploymentPostprocessing = 0;
		};
		B5894D752038F20A0028D103 /* Frameworks */ = {
			isa = PBXFrameworksBuildPhase;
			buildActionMask = 2147483647;
			files = (
			);
			runOnlyForDeploymentPostprocessing = 0;
		};
/* End PBXFrameworksBuildPhase section */

/* Begin PBXGroup section */
		B5894D502038F20A0028D103 = {
			isa = PBXGroup;
			children = (
				B5894D5B2038F20A0028D103 /* coinFlip */,
				B5894D702038F20A0028D103 /* coinFlipTests */,
				B5894D7B2038F20B0028D103 /* coinFlipUITests */,
				B5894D5A2038F20A0028D103 /* Products */,
			);
			sourceTree = "<group>";
		};
		B5894D5A2038F20A0028D103 /* Products */ = {
			isa = PBXGroup;
			children = (
				B5894D592038F20A0028D103 /* coinFlip.app */,
				B5894D6D2038F20A0028D103 /* coinFlipTests.xctest */,
				B5894D782038F20A0028D103 /* coinFlipUITests.xctest */,
			);
			name = Products;
			sourceTree = "<group>";
		};
		B5894D5B2038F20A0028D103 /* coinFlip */ = {
			isa = PBXGroup;
			children = (
				B5894D5C2038F20A0028D103 /* AppDelegate.swift */,
				B5894D5E2038F20A0028D103 /* ViewController.swift */,
				B5894D602038F20A0028D103 /* Main.storyboard */,
				B5894D632038F20A0028D103 /* Assets.xcassets */,
				B5894D652038F20A0028D103 /* LaunchScreen.storyboard */,
				B5894D682038F20A0028D103 /* Info.plist */,
			);
			path = coinFlip;
			sourceTree = "<group>";
		};
		B5894D702038F20A0028D103 /* coinFlipTests */ = {
			isa = PBXGroup;
			children = (
				B5894D712038F20A0028D103 /* coinFlipTests.swift */,
				B5894D732038F20A0028D103 /* Info.plist */,
			);
			path = coinFlipTests;
			sourceTree = "<group>";
		};
		B5894D7B2038F20B0028D103 /* coinFlipUITests */ = {
			isa = PBXGroup;
			children = (
				B5894D7C2038F20B0028D103 /* coinFlipUITests.swift */,
				B5894D7E2038F20B0028D103 /* Info.plist */,
			);
			path = coinFlipUITests;
			sourceTree = "<group>";
		};
/* End PBXGroup section */

/* Begin PBXNativeTarget section */
		B5894D582038F20A0028D103 /* coinFlip */ = {
			isa = PBXNativeTarget;
			buildConfigurationList = B5894D812038F20B0028D103 /* Build configuration list for PBXNativeTarget "coinFlip" */;
			buildPhases = (
				B5894D552038F20A0028D103 /* Sources */,
				B5894D562038F20A0028D103 /* Frameworks */,
				B5894D572038F20A0028D103 /* Resources */,
			);
			buildRules = (
			);
			dependencies = (
			);
			name = coinFlip;
			productName = coinFlip;
			productReference = B5894D592038F20A0028D103 /* coinFlip.app */;
			productType = "com.apple.product-type.application";
		};
		B5894D6C2038F20A0028D103 /* coinFlipTests */ = {
			isa = PBXNativeTarget;
			buildConfigurationList = B5894D842038F20B0028D103 /* Build configuration list for PBXNativeTarget "coinFlipTests" */;
			buildPhases = (
				B5894D692038F20A0028D103 /* Sources */,
				B5894D6A2038F20A0028D103 /* Frameworks */,
				B5894D6B2038F20A0028D103 /* Resources */,
			);
			buildRules = (
			);
			dependencies = (
				B5894D6F2038F20A0028D103 /* PBXTargetDependency */,
			);
			name = coinFlipTests;
			productName = coinFlipTests;
			productReference = B5894D6D2038F20A0028D103 /* coinFlipTests.xctest */;
			productType = "com.apple.product-type.bundle.unit-test";
		};
		B5894D772038F20A0028D103 /* coinFlipUITests */ = {
			isa = PBXNativeTarget;
			buildConfigurationList = B5894D872038F20B0028D103 /* Build configuration list for PBXNativeTarget "coinFlipUITests" */;
			buildPhases = (
				B5894D742038F20A0028D103 /* Sources */,
				B5894D752038F20A0028D103 /* Frameworks */,
				B5894D762038F20A0028D103 /* Resources */,
			);
			buildRules = (
			);
			dependencies = (
				B5894D7A2038F20A0028D103 /* PBXTargetDependency */,
			);
			name = coinFlipUITests;
			productName = coinFlipUITests;
			productReference = B5894D782038F20A0028D103 /* coinFlipUITests.xctest */;
			productType = "com.apple.product-type.bundle.ui-testing";
		};
/* End PBXNativeTarget section */

/* Begin PBXProject section */
		B5894D512038F20A0028D103 /* Project object */ = {
			isa = PBXProject;
			attributes = {
				LastSwiftUpdateCheck = 0920;
				LastUpgradeCheck = 0920;
				ORGANIZATIONNAME = "Ben Friedrich";
				TargetAttributes = {
					B5894D582038F20A0028D103 = {
						CreatedOnToolsVersion = 9.2;
						ProvisioningStyle = Automatic;
					};
					B5894D6C2038F20A0028D103 = {
						CreatedOnToolsVersion = 9.2;
						ProvisioningStyle = Automatic;
						TestTargetID = B5894D582038F20A0028D103;
					};
					B5894D772038F20A0028D103 = {
						CreatedOnToolsVersion = 9.2;
						ProvisioningStyle = Automatic;
						TestTargetID = B5894D582038F20A0028D103;
					};
				};
			};
			buildConfigurationList = B5894D542038F20A0028D103 /* Build configuration list for PBXProject "coinFlip" */;
			compatibilityVersion = "Xcode 8.0";
			developmentRegion = en;
			hasScannedForEncodings = 0;
			knownRegions = (
				en,
				Base,
			);
			mainGroup = B5894D502038F20A0028D103;
			productRefGroup = B5894D5A2038F20A0028D103 /* Products */;
			projectDirPath = "";
			projectRoot = "";
			targets = (
				B5894D582038F20A0028D103 /* coinFlip */,
				B5894D6C2038F20A0028D103 /* coinFlipTests */,
				B5894D772038F20A0028D103 /* coinFlipUITests */,
			);
		};
/* End PBXProject section */

/* Begin PBXResourcesBuildPhase section */
		B5894D572038F20A0028D103 /* Resources */ = {
			isa = PBXResourcesBuildPhase;
			buildActionMask = 2147483647;
			files = (
				B5894D672038F20A0028D103 /* LaunchScreen.storyboard in Resources */,
				B5894D642038F20A0028D103 /* Assets.xcassets in Resources */,
				B5894D622038F20A0028D103 /* Main.storyboard in Resources */,
			);
			runOnlyForDeploymentPostprocessing = 0;
		};
		B5894D6B2038F20A0028D103 /* Resources */ = {
			isa = PBXResourcesBuildPhase;
			buildActionMask = 2147483647;
			files = (
			);
			runOnlyForDeploymentPostprocessing = 0;
		};
		B5894D762038F20A0028D103 /* Resources */ = {
			isa = PBXResourcesBuildPhase;
			buildActionMask = 2147483647;
			files = (
			);
			runOnlyForDeploymentPostprocessing = 0;
		};
/* End PBXResourcesBuildPhase section */

/* Begin PBXSourcesBuildPhase section */
		B5894D552038F20A0028D103 /* Sources */ = {
			isa = PBXSourcesBuildPhase;
			buildActionMask = 2147483647;
			files = (
				B5894D5F2038F20A0028D103 /* ViewController.swift in Sources */,
				B5894D5D2038F20A0028D103 /* AppDelegate.swift in Sources */,
			);
			runOnlyForDeploymentPostprocessing = 0;
		};
		B5894D692038F20A0028D103 /* Sources */ = {
			isa = PBXSourcesBuildPhase;
			buildActionMask = 2147483647;
			files = (
				B5894D722038F20A0028D103 /* coinFlipTests.swift in Sources */,
			);
			runOnlyForDeploymentPostprocessing = 0;
		};
		B5894D742038F20A0028D103 /* Sources */ = {
			isa = PBXSourcesBuildPhase;
			buildActionMask = 2147483647;
			files = (
				B5894D7D2038F20B0028D103 /* coinFlipUITests.swift in Sources */,
			);
			runOnlyForDeploymentPostprocessing = 0;
		};
/* End PBXSourcesBuildPhase section */

/* Begin PBXTargetDependency section */
		B5894D6F2038F20A0028D103 /* PBXTargetDependency */ = {
			isa = PBXTargetDependency;
			target = B5894D582038F20A0028D103 /* coinFlip */;
			targetProxy = B5894D6E2038F20A0028D103 /* PBXContainerItemProxy */;
		};
		B5894D7A2038F20A0028D103 /* PBXTargetDependency */ = {
			isa = PBXTargetDependency;
			target = B5894D582038F20A0028D103 /* coinFlip */;
			targetProxy = B5894D792038F20A0028D103 /* PBXContainerItemProxy */;
		};
/* End PBXTargetDependency section */

/* Begin PBXVariantGroup section */
		B5894D602038F20A0028D103 /* Main.storyboard */ = {
			isa = PBXVariantGroup;
			children = (
				B5894D612038F20A0028D103 /* Base */,
			);
			name = Main.storyboard;
			sourceTree = "<group>";
		};
		B5894D652038F20A0028D103 /* LaunchScreen.storyboard */ = {
			isa = PBXVariantGroup;
			children = (
				B5894D662038F20A0028D103 /* Base */,
			);
			name = LaunchScreen.storyboard;
			sourceTree = "<group>";
		};
/* End PBXVariantGroup section */

/* Begin XCBuildConfiguration section */
		B5894D7F2038F20B0028D103 /* Debug */ = {
			isa = XCBuildConfiguration;
			buildSettings = {
				ALWAYS_SEARCH_USER_PATHS = NO;
				CLANG_ANALYZER_NONNULL = YES;
				CLANG_ANALYZER_NUMBER_OBJECT_CONVERSION = YES_AGGRESSIVE;
				CLANG_CXX_LANGUAGE_STANDARD = "gnu++14";
				CLANG_CXX_LIBRARY = "libc++";
				CLANG_ENABLE_MODULES = YES;
				CLANG_ENABLE_OBJC_ARC = YES;
				CLANG_WARN_BLOCK_CAPTURE_AUTORELEASING = YES;
				CLANG_WARN_BOOL_CONVERSION = YES;
				CLANG_WARN_COMMA = YES;
				CLANG_WARN_CONSTANT_CONVERSION = YES;
				CLANG_WARN_DIRECT_OBJC_ISA_USAGE = YES_ERROR;
				CLANG_WARN_DOCUMENTATION_COMMENTS = YES;
				CLANG_WARN_EMPTY_BODY = YES;
				CLANG_WARN_ENUM_CONVERSION = YES;
				CLANG_WARN_INFINITE_RECURSION = YES;
				CLANG_WARN_INT_CONVERSION = YES;
				CLANG_WARN_NON_LITERAL_NULL_CONVERSION = YES;
				CLANG_WARN_OBJC_LITERAL_CONVERSION = YES;
				CLANG_WARN_OBJC_ROOT_CLASS = YES_ERROR;
				CLANG_WARN_RANGE_LOOP_ANALYSIS = YES;
				CLANG_WARN_STRICT_PROTOTYPES = YES;
				CLANG_WARN_SUSPICIOUS_MOVE = YES;
				CLANG_WARN_UNGUARDED_AVAILABILITY = YES_AGGRESSIVE;
				CLANG_WARN_UNREACHABLE_CODE = YES;
				CLANG_WARN__DUPLICATE_METHOD_MATCH = YES;
				CODE_SIGN_IDENTITY = "iPhone Developer";
				COPY_PHASE_STRIP = NO;
				DEBUG_INFORMATION_FORMAT = dwarf;
				ENABLE_STRICT_OBJC_MSGSEND = YES;
				ENABLE_TESTABILITY = YES;
				GCC_C_LANGUAGE_STANDARD = gnu11;
				GCC_DYNAMIC_NO_PIC = NO;
				GCC_NO_COMMON_BLOCKS = YES;
				GCC_OPTIMIZATION_LEVEL = 0;
				GCC_PREPROCESSOR_DEFINITIONS = (
					"DEBUG=1",
					"$(inherited)",
				);
				GCC_WARN_64_TO_32_BIT_CONVERSION = YES;
				GCC_WARN_ABOUT_RETURN_TYPE = YES_ERROR;
				GCC_WARN_UNDECLARED_SELECTOR = YES;
				GCC_WARN_UNINITIALIZED_AUTOS = YES_AGGRESSIVE;
				GCC_WARN_UNUSED_FUNCTION = YES;
				GCC_WARN_UNUSED_VARIABLE = YES;
				IPHONEOS_DEPLOYMENT_TARGET = 11.2;
				MTL_ENABLE_DEBUG_INFO = YES;
				ONLY_ACTIVE_ARCH = YES;
				SDKROOT = iphoneos;
				SWIFT_ACTIVE_COMPILATION_CONDITIONS = DEBUG;
				SWIFT_OPTIMIZATION_LEVEL = "-Onone";
			};
			name = Debug;
		};
		B5894D802038F20B0028D103 /* Release */ = {
			isa = XCBuildConfiguration;
			buildSettings = {
				ALWAYS_SEARCH_USER_PATHS = NO;
				CLANG_ANALYZER_NONNULL = YES;
				CLANG_ANALYZER_NUMBER_OBJECT_CONVERSION = YES_AGGRESSIVE;
				CLANG_CXX_LANGUAGE_STANDARD = "gnu++14";
				CLANG_CXX_LIBRARY = "libc++";
				CLANG_ENABLE_MODULES = YES;
				CLANG_ENABLE_OBJC_ARC = YES;
				CLANG_WARN_BLOCK_CAPTURE_AUTORELEASING = YES;
				CLANG_WARN_BOOL_CONVERSION = YES;
				CLANG_WARN_COMMA = YES;
				CLANG_WARN_CONSTANT_CONVERSION = YES;
				CLANG_WARN_DIRECT_OBJC_ISA_USAGE = YES_ERROR;
				CLANG_WARN_DOCUMENTATION_COMMENTS = YES;
				CLANG_WARN_EMPTY_BODY = YES;
				CLANG_WARN_ENUM_CONVERSION = YES;
				CLANG_WARN_INFINITE_RECURSION = YES;
				CLANG_WARN_INT_CONVERSION = YES;
				CLANG_WARN_NON_LITERAL_NULL_CONVERSION = YES;
				CLANG_WARN_OBJC_LITERAL_CONVERSION = YES;
				CLANG_WARN_OBJC_ROOT_CLASS = YES_ERROR;
				CLANG_WARN_RANGE_LOOP_ANALYSIS = YES;
				CLANG_WARN_STRICT_PROTOTYPES = YES;
				CLANG_WARN_SUSPICIOUS_MOVE = YES;
				CLANG_WARN_UNGUARDED_AVAILABILITY = YES_AGGRESSIVE;
				CLANG_WARN_UNREACHABLE_CODE = YES;
				CLANG_WARN__DUPLICATE_METHOD_MATCH = YES;
				CODE_SIGN_IDENTITY = "iPhone Developer";
				COPY_PHASE_STRIP = NO;
				DEBUG_INFORMATION_FORMAT = "dwarf-with-dsym";
				ENABLE_NS_ASSERTIONS = NO;
				ENABLE_STRICT_OBJC_MSGSEND = YES;
				GCC_C_LANGUAGE_STANDARD = gnu11;
				GCC_NO_COMMON_BLOCKS = YES;
				GCC_WARN_64_TO_32_BIT_CONVERSION = YES;
				GCC_WARN_ABOUT_RETURN_TYPE = YES_ERROR;
				GCC_WARN_UNDECLARED_SELECTOR = YES;
				GCC_WARN_UNINITIALIZED_AUTOS = YES_AGGRESSIVE;
				GCC_WARN_UNUSED_FUNCTION = YES;
				GCC_WARN_UNUSED_VARIABLE = YES;
				IPHONEOS_DEPLOYMENT_TARGET = 11.2;
				MTL_ENABLE_DEBUG_INFO = NO;
				SDKROOT = iphoneos;
				SWIFT_OPTIMIZATION_LEVEL = "-Owholemodule";
				VALIDATE_PRODUCT = YES;
			};
			name = Release;
		};
		B5894D822038F20B0028D103 /* Debug */ = {
			isa = XCBuildConfiguration;
			buildSettings = {
				ASSETCATALOG_COMPILER_APPICON_NAME = AppIcon;
				CODE_SIGN_STYLE = Automatic;
				DEVELOPMENT_TEAM = 6ST5ZNV6F4;
				INFOPLIST_FILE = coinFlip/Info.plist;
				LD_RUNPATH_SEARCH_PATHS = "$(inherited) @executable_path/Frameworks";
				PRODUCT_BUNDLE_IDENTIFIER = bfried.coinFlip;
				PRODUCT_NAME = "$(TARGET_NAME)";
				SWIFT_VERSION = 4.0;
				TARGETED_DEVICE_FAMILY = "1,2";
			};
			name = Debug;
		};
		B5894D832038F20B0028D103 /* Release */ = {
			isa = XCBuildConfiguration;
			buildSettings = {
				ASSETCATALOG_COMPILER_APPICON_NAME = AppIcon;
				CODE_SIGN_STYLE = Automatic;
				DEVELOPMENT_TEAM = 6ST5ZNV6F4;
				INFOPLIST_FILE = coinFlip/Info.plist;
				LD_RUNPATH_SEARCH_PATHS = "$(inherited) @executable_path/Frameworks";
				PRODUCT_BUNDLE_IDENTIFIER = bfried.coinFlip;
				PRODUCT_NAME = "$(TARGET_NAME)";
				SWIFT_VERSION = 4.0;
				TARGETED_DEVICE_FAMILY = "1,2";
			};
			name = Release;
		};
		B5894D852038F20B0028D103 /* Debug */ = {
			isa = XCBuildConfiguration;
			buildSettings = {
				ALWAYS_EMBED_SWIFT_STANDARD_LIBRARIES = YES;
				BUNDLE_LOADER = "$(TEST_HOST)";
				CODE_SIGN_STYLE = Automatic;
				INFOPLIST_FILE = coinFlipTests/Info.plist;
				LD_RUNPATH_SEARCH_PATHS = "$(inherited) @executable_path/Frameworks @loader_path/Frameworks";
				PRODUCT_BUNDLE_IDENTIFIER = bfried.coinFlipTests;
				PRODUCT_NAME = "$(TARGET_NAME)";
				SWIFT_VERSION = 4.0;
				TARGETED_DEVICE_FAMILY = "1,2";
				TEST_HOST = "$(BUILT_PRODUCTS_DIR)/coinFlip.app/coinFlip";
			};
			name = Debug;
		};
		B5894D862038F20B0028D103 /* Release */ = {
			isa = XCBuildConfiguration;
			buildSettings = {
				ALWAYS_EMBED_SWIFT_STANDARD_LIBRARIES = YES;
				BUNDLE_LOADER = "$(TEST_HOST)";
				CODE_SIGN_STYLE = Automatic;
				INFOPLIST_FILE = coinFlipTests/Info.plist;
				LD_RUNPATH_SEARCH_PATHS = "$(inherited) @executable_path/Frameworks @loader_path/Frameworks";
				PRODUCT_BUNDLE_IDENTIFIER = bfried.coinFlipTests;
				PRODUCT_NAME = "$(TARGET_NAME)";
				SWIFT_VERSION = 4.0;
				TARGETED_DEVICE_FAMILY = "1,2";
				TEST_HOST = "$(BUILT_PRODUCTS_DIR)/coinFlip.app/coinFlip";
			};
			name = Release;
		};
		B5894D882038F20B0028D103 /* Debug */ = {
			isa = XCBuildConfiguration;
			buildSettings = {
				ALWAYS_EMBED_SWIFT_STANDARD_LIBRARIES = YES;
				CODE_SIGN_STYLE = Automatic;
				INFOPLIST_FILE = coinFlipUITests/Info.plist;
				LD_RUNPATH_SEARCH_PATHS = "$(inherited) @executable_path/Frameworks @loader_path/Frameworks";
				PRODUCT_BUNDLE_IDENTIFIER = bfried.coinFlipUITests;
				PRODUCT_NAME = "$(TARGET_NAME)";
				SWIFT_VERSION = 4.0;
				TARGETED_DEVICE_FAMILY = "1,2";
				TEST_TARGET_NAME = coinFlip;
			};
			name = Debug;
		};
		B5894D892038F20B0028D103 /* Release */ = {
			isa = XCBuildConfiguration;
			buildSettings = {
				ALWAYS_EMBED_SWIFT_STANDARD_LIBRARIES = YES;
				CODE_SIGN_STYLE = Automatic;
				INFOPLIST_FILE = coinFlipUITests/Info.plist;
				LD_RUNPATH_SEARCH_PATHS = "$(inherited) @executable_path/Frameworks @loader_path/Frameworks";
				PRODUCT_BUNDLE_IDENTIFIER = bfried.coinFlipUITests;
				PRODUCT_NAME = "$(TARGET_NAME)";
				SWIFT_VERSION = 4.0;
				TARGETED_DEVICE_FAMILY = "1,2";
				TEST_TARGET_NAME = coinFlip;
			};
			name = Release;
		};
/* End XCBuildConfiguration section */

/* Begin XCConfigurationList section */
		B5894D542038F20A0028D103 /* Build configuration list for PBXProject "coinFlip" */ = {
			isa = XCConfigurationList;
			buildConfigurations = (
				B5894D7F2038F20B0028D103 /* Debug */,
				B5894D802038F20B0028D103 /* Release */,
			);
			defaultConfigurationIsVisible = 0;
			defaultConfigurationName = Release;
		};
		B5894D812038F20B0028D103 /* Build configuration list for PBXNativeTarget "coinFlip" */ = {
			isa = XCConfigurationList;
			buildConfigurations = (
				B5894D822038F20B0028D103 /* Debug */,
				B5894D832038F20B0028D103 /* Release */,
			);
			defaultConfigurationIsVisible = 0;
			defaultConfigurationName = Release;
		};
		B5894D842038F20B0028D103 /* Build configuration list for PBXNativeTarget "coinFlipTests" */ = {
			isa = XCConfigurationList;
			buildConfigurations = (
				B5894D852038F20B0028D103 /* Debug */,
				B5894D862038F20B0028D103 /* Release */,
			);
			defaultConfigurationIsVisible = 0;
			defaultConfigurationName = Release;
		};
		B5894D872038F20B0028D103 /* Build configuration list for PBXNativeTarget "coinFlipUITests" */ = {
			isa = XCConfigurationList;
			buildConfigurations = (
				B5894D882038F20B0028D103 /* Debug */,
				B5894D892038F20B0028D103 /* Release */,
			);
			defaultConfigurationIsVisible = 0;
			defaultConfigurationName = Release;
		};
/* End XCConfigurationList section */
	};
	rootObject = B5894D512038F20A0028D103 /* Project object */;
}
